
Microsoft Visual Studio Solution File, Format Version 12.00
# Visual Studio 15
VisualStudioVersion = 15.0.28307.539
MinimumVisualStudioVersion = 10.0.40219.1
Project("{9A19103F-16F7-4668-BE54-9A1E7A4F7556}") = "Specification", "Specification\Specification.csproj", "{E7CD5411-8881-43EF-BBC6-8B42A51CD7B0}"
EndProject
Global
	GlobalSection(SolutionConfigurationPlatforms) = preSolution
		Debug|Any CPU = Debug|Any CPU
		Release|Any CPU = Release|Any CPU
	EndGlobalSection
	GlobalSection(ProjectConfigurationPlatforms) = postSolution
		{E7CD5411-8881-43EF-BBC6-8B42A51CD7B0}.Debug|Any CPU.ActiveCfg = Debug|Any CPU
		{E7CD5411-8881-43EF-BBC6-8B42A51CD7B0}.Debug|Any CPU.Build.0 = Debug|Any CPU
		{E7CD5411-8881-43EF-BBC6-8B42A51CD7B0}.Release|Any CPU.ActiveCfg = Release|Any CPU
		{E7CD5411-8881-43EF-BBC6-8B42A51CD7B0}.Release|Any CPU.Build.0 = Release|Any CPU
	EndGlobalSection
	GlobalSection(SolutionProperties) = preSolution
		HideSolutionNode = FALSE
	EndGlobalSection
	GlobalSection(ExtensibilityGlobals) = postSolution
		SolutionGuid = {C2B36339-2E8B-4026-AA15-06F7B1BE9ADC}
	EndGlobalSection
EndGlobal
